PODS:
  - Hero (1.2.0)
  - iCarousel (1.8.3)

DEPENDENCIES:
  - Hero (= 1.2.0)
  - iCarousel (= 1.8.3)

SPEC REPOS:
  https://github.com/cocoapods/specs.git:
    - Hero
    - iCarousel

SPEC CHECKSUMS:
  Hero: 33dadf2cd1c98af71e213dcbc2902e6e03622a4e
  iCarousel: d782f635afac190c49bb8ee455882284cff8b85f

PODFILE CHECKSUM: 5cc38afc83047d7dc024b9ad3e650f724de02a9d

COCOAPODS: 1.5.3
