// !$*UTF8*$!
{
	archiveVersion = 1;
	classes = {
	};
	objectVersion = 50;
	objects = {

/* Begin PBXBuildFile section */
		1310666520FDE3E700B27090 /* AppDelegate.swift in Sources */ = {isa = PBXBuildFile; fileRef = 1310666420FDE3E700B27090 /* AppDelegate.swift */; };
		1310666A20FDE3E700B27090 /* Main.storyboard in Resources */ = {isa = PBXBuildFile; fileRef = 1310666820FDE3E700B27090 /* Main.storyboard */; };
		1310666C20FDE3E800B27090 /* Assets.xcassets in Resources */ = {isa = PBXBuildFile; fileRef = 1310666B20FDE3E800B27090 /* Assets.xcassets */; };
		1310666F20FDE3E800B27090 /* LaunchScreen.storyboard in Resources */ = {isa = PBXBuildFile; fileRef = 1310666D20FDE3E800B27090 /* LaunchScreen.storyboard */; };
		131217C4210DF50D00695B4D /* CharacterDetailsViewController.swift in Sources */ = {isa = PBXBuildFile; fileRef = 131217C3210DF50D00695B4D /* CharacterDetailsViewController.swift */; };
		131217C6210E9BE200695B4D /* CharacterDetailCard.xib in Resources */ = {isa = PBXBuildFile; fileRef = 131217C5210E9BE200695B4D /* CharacterDetailCard.xib */; };
		131217CA210E9C1700695B4D /* CharacterDetailCard.swift in Sources */ = {isa = PBXBuildFile; fileRef = 131217C9210E9C1700695B4D /* CharacterDetailCard.swift */; };
		131217CC210F044F00695B4D /* PlayPauseView.xib in Resources */ = {isa = PBXBuildFile; fileRef = 131217CB210F044F00695B4D /* PlayPauseView.xib */; };
		131217CE210F048100695B4D /* PlayPauseView.swift in Sources */ = {isa = PBXBuildFile; fileRef = 131217CD210F048100695B4D /* PlayPauseView.swift */; };
		1333E9FA21059F0C00E26A47 /* StroyCarouselViewController.swift in Sources */ = {isa = PBXBuildFile; fileRef = 1333E9F921059F0C00E26A47 /* StroyCarouselViewController.swift */; };
		1333E9FC21059FF100E26A47 /* QuartzCore.framework in Frameworks */ = {isa = PBXBuildFile; fileRef = 1333E9FB21059FF100E26A47 /* QuartzCore.framework */; };
		1333EA012105AC2500E26A47 /* AnimationCard.swift in Sources */ = {isa = PBXBuildFile; fileRef = 1333EA002105AC2500E26A47 /* AnimationCard.swift */; };
		1333EA032105AC3A00E26A47 /* AnimationCard.xib in Resources */ = {isa = PBXBuildFile; fileRef = 1333EA022105AC3A00E26A47 /* AnimationCard.xib */; };
		13752C7021097619000D4D48 /* GlobalViewModel.swift in Sources */ = {isa = PBXBuildFile; fileRef = 13752C6F21097619000D4D48 /* GlobalViewModel.swift */; };
		13752C722109B8D4000D4D48 /* CharacterComponentView.swift in Sources */ = {isa = PBXBuildFile; fileRef = 13752C712109B8D4000D4D48 /* CharacterComponentView.swift */; };
		1383AE9D2101E0CF00B4DBF0 /* HomeTableView.swift in Sources */ = {isa = PBXBuildFile; fileRef = 1383AE9C2101E0CF00B4DBF0 /* HomeTableView.swift */; };
		1383AE9F21020B5F00B4DBF0 /* GradientView.swift in Sources */ = {isa = PBXBuildFile; fileRef = 1383AE9E21020B5F00B4DBF0 /* GradientView.swift */; };
		1383AEA121020DD100B4DBF0 /* StoryDataModel.swift in Sources */ = {isa = PBXBuildFile; fileRef = 1383AEA021020DD100B4DBF0 /* StoryDataModel.swift */; };
		1383AEA42102CFF300B4DBF0 /* StoryHomeViewController.swift in Sources */ = {isa = PBXBuildFile; fileRef = 1383AEA32102CFF300B4DBF0 /* StoryHomeViewController.swift */; };
		138F05AF2106D58200EB81CA /* res in Resources */ = {isa = PBXBuildFile; fileRef = 138F05AE2106D58200EB81CA /* res */; };
		13A31A75210436C8000CCDAD /* IconButton.swift in Sources */ = {isa = PBXBuildFile; fileRef = 13A31A74210436C8000CCDAD /* IconButton.swift */; };
		13A31A7721043E06000CCDAD /* DesignableViewController.swift in Sources */ = {isa = PBXBuildFile; fileRef = 13A31A7621043E06000CCDAD /* DesignableViewController.swift */; };
		13BA5C3721086EF00015616C /* CharacterDataModel.swift in Sources */ = {isa = PBXBuildFile; fileRef = 13BA5C3621086EF00015616C /* CharacterDataModel.swift */; };
		13BA5C3A210959FD0015616C /* PiecingCharacterViewController.swift in Sources */ = {isa = PBXBuildFile; fileRef = 13BA5C39210959FD0015616C /* PiecingCharacterViewController.swift */; };
		13C8D8C22101A4CF00E49384 /* StoryCard.xib in Resources */ = {isa = PBXBuildFile; fileRef = 13C8D8C12101A4CF00E49384 /* StoryCard.xib */; };
		13C8D8C42101A53200E49384 /* StoryCard.swift in Sources */ = {isa = PBXBuildFile; fileRef = 13C8D8C32101A53200E49384 /* StoryCard.swift */; };
		13C8D8C72101AA0B00E49384 /* DropShadow.swift in Sources */ = {isa = PBXBuildFile; fileRef = 13C8D8C62101AA0B00E49384 /* DropShadow.swift */; };
		13CDE7CD210A09C6004FCA8E /* CharacterBoxView.swift in Sources */ = {isa = PBXBuildFile; fileRef = 13CDE7CC210A09C6004FCA8E /* CharacterBoxView.swift */; };
		13CDE7D0210D504B004FCA8E /* TellingStoryViewController.swift in Sources */ = {isa = PBXBuildFile; fileRef = 13CDE7CF210D504B004FCA8E /* TellingStoryViewController.swift */; };
		13CDE7D2210D6D61004FCA8E /* ScrollingLyricsView.xib in Resources */ = {isa = PBXBuildFile; fileRef = 13CDE7D1210D6D61004FCA8E /* ScrollingLyricsView.xib */; };
		13CDE7D4210D6E05004FCA8E /* ScrollingLyricsView.swift in Sources */ = {isa = PBXBuildFile; fileRef = 13CDE7D3210D6E05004FCA8E /* ScrollingLyricsView.swift */; };
		FF2D118F13BABEC33B477F55 /* libPods-huozi.a in Frameworks */ = {isa = PBXBuildFile; fileRef = C81A4C61214843770CE93EE5 /* libPods-huozi.a */; };
/* End PBXBuildFile section */

/* Begin PBXFileReference section */
		1310666120FDE3E700B27090 /* huozi.app */ = {isa = PBXFileReference; explicitFileType = wrapper.application; includeInIndex = 0; path = huozi.app; sourceTree = BUILT_PRODUCTS_DIR; };
		1310666420FDE3E700B27090 /* AppDelegate.swift */ = {isa = PBXFileReference; lastKnownFileType = sourcecode.swift; path = AppDelegate.swift; sourceTree = "<group>"; };
		1310666B20FDE3E800B27090 /* Assets.xcassets */ = {isa = PBXFileReference; lastKnownFileType = folder.assetcatalog; path = Assets.xcassets; sourceTree = "<group>"; };
		1310667020FDE3E800B27090 /* Info.plist */ = {isa = PBXFileReference; lastKnownFileType = text.plist.xml; path = Info.plist; sourceTree = "<group>"; };
		131217C3210DF50D00695B4D /* CharacterDetailsViewController.swift */ = {isa = PBXFileReference; lastKnownFileType = sourcecode.swift; path = CharacterDetailsViewController.swift; sourceTree = "<group>"; };
		131217C5210E9BE200695B4D /* CharacterDetailCard.xib */ = {isa = PBXFileReference; lastKnownFileType = file.xib; path = CharacterDetailCard.xib; sourceTree = "<group>"; };
		131217C9210E9C1700695B4D /* CharacterDetailCard.swift */ = {isa = PBXFileReference; lastKnownFileType = sourcecode.swift; path = CharacterDetailCard.swift; sourceTree = "<group>"; };
		131217CB210F044F00695B4D /* PlayPauseView.xib */ = {isa = PBXFileReference; lastKnownFileType = file.xib; path = PlayPauseView.xib; sourceTree = "<group>"; };
		131217CD210F048100695B4D /* PlayPauseView.swift */ = {isa = PBXFileReference; lastKnownFileType = sourcecode.swift; path = PlayPauseView.swift; sourceTree = "<group>"; };
		1333E9F921059F0C00E26A47 /* StroyCarouselViewController.swift */ = {isa = PBXFileReference; lastKnownFileType = sourcecode.swift; path = StroyCarouselViewController.swift; sourceTree = "<group>"; };
		1333E9FB21059FF100E26A47 /* QuartzCore.framework */ = {isa = PBXFileReference; lastKnownFileType = wrapper.framework; name = QuartzCore.framework; path = System/Library/Frameworks/QuartzCore.framework; sourceTree = SDKROOT; };
		1333E9FF2105A25B00E26A47 /* huozi-Bridging-Header.h */ = {isa = PBXFileReference; lastKnownFileType = sourcecode.c.h; path = "huozi-Bridging-Header.h"; sourceTree = "<group>"; };
		1333EA002105AC2500E26A47 /* AnimationCard.swift */ = {isa = PBXFileReference; lastKnownFileType = sourcecode.swift; path = AnimationCard.swift; sourceTree = "<group>"; };
		1333EA022105AC3A00E26A47 /* AnimationCard.xib */ = {isa = PBXFileReference; lastKnownFileType = file.xib; path = AnimationCard.xib; sourceTree = "<group>"; };
		13752C6F21097619000D4D48 /* GlobalViewModel.swift */ = {isa = PBXFileReference; lastKnownFileType = sourcecode.swift; path = GlobalViewModel.swift; sourceTree = "<group>"; };
		13752C712109B8D4000D4D48 /* CharacterComponentView.swift */ = {isa = PBXFileReference; lastKnownFileType = sourcecode.swift; path = CharacterComponentView.swift; sourceTree = "<group>"; };
		1383AE9C2101E0CF00B4DBF0 /* HomeTableView.swift */ = {isa = PBXFileReference; lastKnownFileType = sourcecode.swift; path = HomeTableView.swift; sourceTree = "<group>"; };
		1383AE9E21020B5F00B4DBF0 /* GradientView.swift */ = {isa = PBXFileReference; lastKnownFileType = sourcecode.swift; path = GradientView.swift; sourceTree = "<group>"; };
		1383AEA021020DD100B4DBF0 /* StoryDataModel.swift */ = {isa = PBXFileReference; lastKnownFileType = sourcecode.swift; path = StoryDataModel.swift; sourceTree = "<group>"; };
		1383AEA32102CFF300B4DBF0 /* StoryHomeViewController.swift */ = {isa = PBXFileReference; lastKnownFileType = sourcecode.swift; path = StoryHomeViewController.swift; sourceTree = "<group>"; };
		138F05AE2106D58200EB81CA /* res */ = {isa = PBXFileReference; lastKnownFileType = folder; path = res; sourceTree = "<group>"; };
		139BDE2C20FDFA47007C3675 /* Base */ = {isa = PBXFileReference; lastKnownFileType = file.storyboard; name = Base; path = Base.lproj/Main.storyboard; sourceTree = "<group>"; };
		139BDE2D20FDFA47007C3675 /* Base */ = {isa = PBXFileReference; lastKnownFileType = file.storyboard; name = Base; path = Base.lproj/LaunchScreen.storyboard; sourceTree = "<group>"; };
		13A31A74210436C8000CCDAD /* IconButton.swift */ = {isa = PBXFileReference; lastKnownFileType = sourcecode.swift; path = IconButton.swift; sourceTree = "<group>"; };
		13A31A7621043E06000CCDAD /* DesignableViewController.swift */ = {isa = PBXFileReference; lastKnownFileType = sourcecode.swift; path = DesignableViewController.swift; sourceTree = "<group>"; };
		13BA5C3621086EF00015616C /* CharacterDataModel.swift */ = {isa = PBXFileReference; lastKnownFileType = sourcecode.swift; path = CharacterDataModel.swift; sourceTree = "<group>"; };
		13BA5C39210959FD0015616C /* PiecingCharacterViewController.swift */ = {isa = PBXFileReference; lastKnownFileType = sourcecode.swift; path = PiecingCharacterViewController.swift; sourceTree = "<group>"; };
		13C8D8C12101A4CF00E49384 /* StoryCard.xib */ = {isa = PBXFileReference; lastKnownFileType = file.xib; path = StoryCard.xib; sourceTree = "<group>"; };
		13C8D8C32101A53200E49384 /* StoryCard.swift */ = {isa = PBXFileReference; lastKnownFileType = sourcecode.swift; path = StoryCard.swift; sourceTree = "<group>"; };
		13C8D8C62101AA0B00E49384 /* DropShadow.swift */ = {isa = PBXFileReference; lastKnownFileType = sourcecode.swift; path = DropShadow.swift; sourceTree = "<group>"; };
		13CDE7CC210A09C6004FCA8E /* CharacterBoxView.swift */ = {isa = PBXFileReference; lastKnownFileType = sourcecode.swift; path = CharacterBoxView.swift; sourceTree = "<group>"; };
		13CDE7CF210D504B004FCA8E /* TellingStoryViewController.swift */ = {isa = PBXFileReference; lastKnownFileType = sourcecode.swift; path = TellingStoryViewController.swift; sourceTree = "<group>"; };
		13CDE7D1210D6D61004FCA8E /* ScrollingLyricsView.xib */ = {isa = PBXFileReference; lastKnownFileType = file.xib; path = ScrollingLyricsView.xib; sourceTree = "<group>"; };
		13CDE7D3210D6E05004FCA8E /* ScrollingLyricsView.swift */ = {isa = PBXFileReference; lastKnownFileType = sourcecode.swift; path = ScrollingLyricsView.swift; sourceTree = "<group>"; };
		5275C9E8138BBD70BA0F80E2 /* Pods-huozi.debug.xcconfig */ = {isa = PBXFileReference; includeInIndex = 1; lastKnownFileType = text.xcconfig; name = "Pods-huozi.debug.xcconfig"; path = "Pods/Target Support Files/Pods-huozi/Pods-huozi.debug.xcconfig"; sourceTree = "<group>"; };
		C81A4C61214843770CE93EE5 /* libPods-huozi.a */ = {isa = PBXFileReference; explicitFileType = archive.ar; includeInIndex = 0; path = "libPods-huozi.a"; sourceTree = BUILT_PRODUCTS_DIR; };
		F9A8E0C04133335C83407910 /* Pods-huozi.release.xcconfig */ = {isa = PBXFileReference; includeInIndex = 1; lastKnownFileType = text.xcconfig; name = "Pods-huozi.release.xcconfig"; path = "Pods/Target Support Files/Pods-huozi/Pods-huozi.release.xcconfig"; sourceTree = "<group>"; };
/* End PBXFileReference section */

/* Begin PBXFrameworksBuildPhase section */
		1310665E20FDE3E700B27090 /* Frameworks */ = {
			isa = PBXFrameworksBuildPhase;
			buildActionMask = 2147483647;
			files = (
				1333E9FC21059FF100E26A47 /* QuartzCore.framework in Frameworks */,
				FF2D118F13BABEC33B477F55 /* libPods-huozi.a in Frameworks */,
			);
			runOnlyForDeploymentPostprocessing = 0;
		};
/* End PBXFrameworksBuildPhase section */

/* Begin PBXGroup section */
		1310665820FDE3E700B27090 = {
			isa = PBXGroup;
			children = (
				138F05AE2106D58200EB81CA /* res */,
				1310666320FDE3E700B27090 /* huozi */,
				1310666220FDE3E700B27090 /* Products */,
				D85A91FD5169FEE76A8D192B /* Pods */,
				D2B45A9E8ABA461A7B2E7F59 /* Frameworks */,
			);
			sourceTree = "<group>";
		};
		1310666220FDE3E700B27090 /* Products */ = {
			isa = PBXGroup;
			children = (
				1310666120FDE3E700B27090 /* huozi.app */,
			);
			name = Products;
			sourceTree = "<group>";
		};
		1310666320FDE3E700B27090 /* huozi */ = {
			isa = PBXGroup;
			children = (
				13C8D8C02101913200E49384 /* storyboards */,
				13C8D8BF2101911300E49384 /* utils */,
				139BDE3620FEE661007C3675 /* views */,
				1310666B20FDE3E800B27090 /* Assets.xcassets */,
				1333E9FF2105A25B00E26A47 /* huozi-Bridging-Header.h */,
				1310667020FDE3E800B27090 /* Info.plist */,
			);
			path = huozi;
			sourceTree = "<group>";
		};
		131217C2210DF4EC00695B4D /* characterDetails */ = {
			isa = PBXGroup;
			children = (
				131217C3210DF50D00695B4D /* CharacterDetailsViewController.swift */,
				131217C5210E9BE200695B4D /* CharacterDetailCard.xib */,
				131217C9210E9C1700695B4D /* CharacterDetailCard.swift */,
			);
			path = characterDetails;
			sourceTree = "<group>";
		};
		131217CF210F450900695B4D /* achievementAccomplished */ = {
			isa = PBXGroup;
			children = (
			);
			path = achievementAccomplished;
			sourceTree = "<group>";
		};
		1383AEA22102CF7000B4DBF0 /* storyHome */ = {
			isa = PBXGroup;
			children = (
				1383AEA32102CFF300B4DBF0 /* StoryHomeViewController.swift */,
				1333E9F921059F0C00E26A47 /* StroyCarouselViewController.swift */,
				1333EA002105AC2500E26A47 /* AnimationCard.swift */,
				1333EA022105AC3A00E26A47 /* AnimationCard.xib */,
			);
			path = storyHome;
			sourceTree = "<group>";
		};
		139BDE3620FEE661007C3675 /* views */ = {
			isa = PBXGroup;
			children = (
				13C8D8C52101A9F900E49384 /* commons */,
				13C8D8BE21018F7F00E49384 /* home */,
				1383AEA22102CF7000B4DBF0 /* storyHome */,
				131217CF210F450900695B4D /* achievementAccomplished */,
				13BA5C382109558E0015616C /* piecingCharacter */,
				131217C2210DF4EC00695B4D /* characterDetails */,
				13CDE7CE210D4F1E004FCA8E /* tellingStory */,
			);
			path = views;
			sourceTree = "<group>";
		};
		13BA5C382109558E0015616C /* piecingCharacter */ = {
			isa = PBXGroup;
			children = (
				13BA5C39210959FD0015616C /* PiecingCharacterViewController.swift */,
				13752C712109B8D4000D4D48 /* CharacterComponentView.swift */,
				13CDE7CC210A09C6004FCA8E /* CharacterBoxView.swift */,
			);
			path = piecingCharacter;
			sourceTree = "<group>";
		};
		13C8D8BE21018F7F00E49384 /* home */ = {
			isa = PBXGroup;
			children = (
				13C8D8C12101A4CF00E49384 /* StoryCard.xib */,
				13C8D8C32101A53200E49384 /* StoryCard.swift */,
				1383AE9C2101E0CF00B4DBF0 /* HomeTableView.swift */,
			);
			path = home;
			sourceTree = "<group>";
		};
		13C8D8BF2101911300E49384 /* utils */ = {
			isa = PBXGroup;
			children = (
				1310666420FDE3E700B27090 /* AppDelegate.swift */,
				1383AEA021020DD100B4DBF0 /* StoryDataModel.swift */,
				13BA5C3621086EF00015616C /* CharacterDataModel.swift */,
			);
			path = utils;
			sourceTree = "<group>";
		};
		13C8D8C02101913200E49384 /* storyboards */ = {
			isa = PBXGroup;
			children = (
				1310666D20FDE3E800B27090 /* LaunchScreen.storyboard */,
				1310666820FDE3E700B27090 /* Main.storyboard */,
			);
			path = storyboards;
			sourceTree = "<group>";
		};
		13C8D8C52101A9F900E49384 /* commons */ = {
			isa = PBXGroup;
			children = (
				13C8D8C62101AA0B00E49384 /* DropShadow.swift */,
				1383AE9E21020B5F00B4DBF0 /* GradientView.swift */,
				13A31A74210436C8000CCDAD /* IconButton.swift */,
				13A31A7621043E06000CCDAD /* DesignableViewController.swift */,
				13752C6F21097619000D4D48 /* GlobalViewModel.swift */,
			);
			path = commons;
			sourceTree = "<group>";
		};
		13CDE7CE210D4F1E004FCA8E /* tellingStory */ = {
			isa = PBXGroup;
			children = (
				13CDE7CF210D504B004FCA8E /* TellingStoryViewController.swift */,
				13CDE7D1210D6D61004FCA8E /* ScrollingLyricsView.xib */,
				13CDE7D3210D6E05004FCA8E /* ScrollingLyricsView.swift */,
				131217CB210F044F00695B4D /* PlayPauseView.xib */,
				131217CD210F048100695B4D /* PlayPauseView.swift */,
			);
			path = tellingStory;
			sourceTree = "<group>";
		};
		D2B45A9E8ABA461A7B2E7F59 /* Frameworks */ = {
			isa = PBXGroup;
			children = (
				1333E9FB21059FF100E26A47 /* QuartzCore.framework */,
				C81A4C61214843770CE93EE5 /* libPods-huozi.a */,
			);
			name = Frameworks;
			sourceTree = "<group>";
		};
		D85A91FD5169FEE76A8D192B /* Pods */ = {
			isa = PBXGroup;
			children = (
				5275C9E8138BBD70BA0F80E2 /* Pods-huozi.debug.xcconfig */,
				F9A8E0C04133335C83407910 /* Pods-huozi.release.xcconfig */,
			);
			name = Pods;
			sourceTree = "<group>";
		};
/* End PBXGroup section */

/* Begin PBXNativeTarget section */
		1310666020FDE3E700B27090 /* huozi */ = {
			isa = PBXNativeTarget;
			buildConfigurationList = 1310667320FDE3E800B27090 /* Build configuration list for PBXNativeTarget "huozi" */;
			buildPhases = (
				BFBF16A4DBDC2F5482F13FB9 /* [CP] Check Pods Manifest.lock */,
				1310665D20FDE3E700B27090 /* Sources */,
				1310665E20FDE3E700B27090 /* Frameworks */,
				1310665F20FDE3E700B27090 /* Resources */,
			);
			buildRules = (
			);
			dependencies = (
			);
			name = huozi;
			productName = huozi;
			productReference = 1310666120FDE3E700B27090 /* huozi.app */;
			productType = "com.apple.product-type.application";
		};
/* End PBXNativeTarget section */

/* Begin PBXProject section */
		1310665920FDE3E700B27090 /* Project object */ = {
			isa = PBXProject;
			attributes = {
				LastSwiftUpdateCheck = 0940;
				LastUpgradeCheck = 0940;
				ORGANIZATIONNAME = "Celestial Phineas";
				TargetAttributes = {
					1310666020FDE3E700B27090 = {
						CreatedOnToolsVersion = 9.4;
					};
				};
			};
			buildConfigurationList = 1310665C20FDE3E700B27090 /* Build configuration list for PBXProject "huozi" */;
			compatibilityVersion = "Xcode 9.3";
			developmentRegion = "zh-Hans";
			hasScannedForEncodings = 0;
			knownRegions = (
				Base,
			);
			mainGroup = 1310665820FDE3E700B27090;
			productRefGroup = 1310666220FDE3E700B27090 /* Products */;
			projectDirPath = "";
			projectRoot = "";
			targets = (
				1310666020FDE3E700B27090 /* huozi */,
			);
		};
/* End PBXProject section */

/* Begin PBXResourcesBuildPhase section */
		1310665F20FDE3E700B27090 /* Resources */ = {
			isa = PBXResourcesBuildPhase;
			buildActionMask = 2147483647;
			files = (
				131217CC210F044F00695B4D /* PlayPauseView.xib in Resources */,
				13C8D8C22101A4CF00E49384 /* StoryCard.xib in Resources */,
				1333EA032105AC3A00E26A47 /* AnimationCard.xib in Resources */,
				131217C6210E9BE200695B4D /* CharacterDetailCard.xib in Resources */,
				1310666F20FDE3E800B27090 /* LaunchScreen.storyboard in Resources */,
				13CDE7D2210D6D61004FCA8E /* ScrollingLyricsView.xib in Resources */,
				138F05AF2106D58200EB81CA /* res in Resources */,
				1310666C20FDE3E800B27090 /* Assets.xcassets in Resources */,
				1310666A20FDE3E700B27090 /* Main.storyboard in Resources */,
			);
			runOnlyForDeploymentPostprocessing = 0;
		};
/* End PBXResourcesBuildPhase section */

/* Begin PBXShellScriptBuildPhase section */
		BFBF16A4DBDC2F5482F13FB9 /* [CP] Check Pods Manifest.lock */ = {
			isa = PBXShellScriptBuildPhase;
			buildActionMask = 2147483647;
			files = (
			);
			inputPaths = (
				"${PODS_PODFILE_DIR_PATH}/Podfile.lock",
				"${PODS_ROOT}/Manifest.lock",
			);
			name = "[CP] Check Pods Manifest.lock";
			outputPaths = (
				"$(DERIVED_FILE_DIR)/Pods-huozi-checkManifestLockResult.txt",
			);
			runOnlyForDeploymentPostprocessing = 0;
			shellPath = /bin/sh;
			shellScript = "diff \"${PODS_PODFILE_DIR_PATH}/Podfile.lock\" \"${PODS_ROOT}/Manifest.lock\" > /dev/null\nif [ $? != 0 ] ; then\n    # print error to STDERR\n    echo \"error: The sandbox is not in sync with the Podfile.lock. Run 'pod install' or update your CocoaPods installation.\" >&2\n    exit 1\nfi\n# This output is used by Xcode 'outputs' to avoid re-running this script phase.\necho \"SUCCESS\" > \"${SCRIPT_OUTPUT_FILE_0}\"\n";
			showEnvVarsInLog = 0;
		};
/* End PBXShellScriptBuildPhase section */

/* Begin PBXSourcesBuildPhase section */
		1310665D20FDE3E700B27090 /* Sources */ = {
			isa = PBXSourcesBuildPhase;
			buildActionMask = 2147483647;
			files = (
				13A31A75210436C8000CCDAD /* IconButton.swift in Sources */,
				13C8D8C42101A53200E49384 /* StoryCard.swift in Sources */,
				13CDE7CD210A09C6004FCA8E /* CharacterBoxView.swift in Sources */,
				1333EA012105AC2500E26A47 /* AnimationCard.swift in Sources */,
				13A31A7721043E06000CCDAD /* DesignableViewController.swift in Sources */,
				13BA5C3A210959FD0015616C /* PiecingCharacterViewController.swift in Sources */,
				1383AE9D2101E0CF00B4DBF0 /* HomeTableView.swift in Sources */,
				13CDE7D0210D504B004FCA8E /* TellingStoryViewController.swift in Sources */,
				131217C4210DF50D00695B4D /* CharacterDetailsViewController.swift in Sources */,
				13752C722109B8D4000D4D48 /* CharacterComponentView.swift in Sources */,
				13752C7021097619000D4D48 /* GlobalViewModel.swift in Sources */,
				1383AEA42102CFF300B4DBF0 /* StoryHomeViewController.swift in Sources */,
				1333E9FA21059F0C00E26A47 /* StroyCarouselViewController.swift in Sources */,
				13BA5C3721086EF00015616C /* CharacterDataModel.swift in Sources */,
				131217CA210E9C1700695B4D /* CharacterDetailCard.swift in Sources */,
				1383AE9F21020B5F00B4DBF0 /* GradientView.swift in Sources */,
				131217CE210F048100695B4D /* PlayPauseView.swift in Sources */,
				13C8D8C72101AA0B00E49384 /* DropShadow.swift in Sources */,
				1383AEA121020DD100B4DBF0 /* StoryDataModel.swift in Sources */,
				13CDE7D4210D6E05004FCA8E /* ScrollingLyricsView.swift in Sources */,
				1310666520FDE3E700B27090 /* AppDelegate.swift in Sources */,
			);
			runOnlyForDeploymentPostprocessing = 0;
		};
/* End PBXSourcesBuildPhase section */

/* Begin PBXVariantGroup section */
		1310666820FDE3E700B27090 /* Main.storyboard */ = {
			isa = PBXVariantGroup;
			children = (
				139BDE2C20FDFA47007C3675 /* Base */,
			);
			name = Main.storyboard;
			sourceTree = "<group>";
		};
		1310666D20FDE3E800B27090 /* LaunchScreen.storyboard */ = {
			isa = PBXVariantGroup;
			children = (
				139BDE2D20FDFA47007C3675 /* Base */,
			);
			name = LaunchScreen.storyboard;
			sourceTree = "<group>";
		};
/* End PBXVariantGroup section */

/* Begin XCBuildConfiguration section */
		1310667120FDE3E800B27090 /* Debug */ = {
			isa = XCBuildConfiguration;
			buildSettings = {
				ALWAYS_SEARCH_USER_PATHS = NO;
				CLANG_ANALYZER_LOCALIZABILITY_NONLOCALIZED = YES;
				CLANG_ANALYZER_NONNULL = YES;
				CLANG_ANALYZER_NUMBER_OBJECT_CONVERSION = YES_AGGRESSIVE;
				CLANG_CXX_LANGUAGE_STANDARD = "gnu++14";
				CLANG_CXX_LIBRARY = "libc++";
				CLANG_ENABLE_MODULES = YES;
				CLANG_ENABLE_OBJC_ARC = YES;
				CLANG_ENABLE_OBJC_WEAK = YES;
				CLANG_WARN_BLOCK_CAPTURE_AUTORELEASING = YES;
				CLANG_WARN_BOOL_CONVERSION = YES;
				CLANG_WARN_COMMA = YES;
				CLANG_WARN_CONSTANT_CONVERSION = YES;
				CLANG_WARN_DEPRECATED_OBJC_IMPLEMENTATIONS = YES;
				CLANG_WARN_DIRECT_OBJC_ISA_USAGE = YES_ERROR;
				CLANG_WARN_DOCUMENTATION_COMMENTS = YES;
				CLANG_WARN_EMPTY_BODY = YES;
				CLANG_WARN_ENUM_CONVERSION = YES;
				CLANG_WARN_INFINITE_RECURSION = YES;
				CLANG_WARN_INT_CONVERSION = YES;
				CLANG_WARN_NON_LITERAL_NULL_CONVERSION = YES;
				CLANG_WARN_OBJC_IMPLICIT_RETAIN_SELF = YES;
				CLANG_WARN_OBJC_LITERAL_CONVERSION = YES;
				CLANG_WARN_OBJC_ROOT_CLASS = YES_ERROR;
				CLANG_WARN_RANGE_LOOP_ANALYSIS = YES;
				CLANG_WARN_STRICT_PROTOTYPES = YES;
				CLANG_WARN_SUSPICIOUS_MOVE = YES;
				CLANG_WARN_UNGUARDED_AVAILABILITY = YES_AGGRESSIVE;
				CLANG_WARN_UNREACHABLE_CODE = YES;
				CLANG_WARN__DUPLICATE_METHOD_MATCH = YES;
				CODE_SIGN_IDENTITY = "iPhone Developer";
				COPY_PHASE_STRIP = NO;
				DEBUG_INFORMATION_FORMAT = dwarf;
				ENABLE_STRICT_OBJC_MSGSEND = YES;
				ENABLE_TESTABILITY = YES;
				GCC_C_LANGUAGE_STANDARD = gnu11;
				GCC_DYNAMIC_NO_PIC = NO;
				GCC_NO_COMMON_BLOCKS = YES;
				GCC_OPTIMIZATION_LEVEL = 0;
				GCC_PREPROCESSOR_DEFINITIONS = (
					"DEBUG=1",
					"$(inherited)",
				);
				GCC_WARN_64_TO_32_BIT_CONVERSION = YES;
				GCC_WARN_ABOUT_RETURN_TYPE = YES_ERROR;
				GCC_WARN_UNDECLARED_SELECTOR = YES;
				GCC_WARN_UNINITIALIZED_AUTOS = YES_AGGRESSIVE;
				GCC_WARN_UNUSED_FUNCTION = YES;
				GCC_WARN_UNUSED_VARIABLE = YES;
				IPHONEOS_DEPLOYMENT_TARGET = 9.0;
				MTL_ENABLE_DEBUG_INFO = YES;
				ONLY_ACTIVE_ARCH = YES;
				SDKROOT = iphoneos;
				SWIFT_ACTIVE_COMPILATION_CONDITIONS = DEBUG;
				SWIFT_OPTIMIZATION_LEVEL = "-Onone";
			};
			name = Debug;
		};
		1310667220FDE3E800B27090 /* Release */ = {
			isa = XCBuildConfiguration;
			buildSettings = {
				ALWAYS_SEARCH_USER_PATHS = NO;
				CLANG_ANALYZER_LOCALIZABILITY_NONLOCALIZED = YES;
				CLANG_ANALYZER_NONNULL = YES;
				CLANG_ANALYZER_NUMBER_OBJECT_CONVERSION = YES_AGGRESSIVE;
				CLANG_CXX_LANGUAGE_STANDARD = "gnu++14";
				CLANG_CXX_LIBRARY = "libc++";
				CLANG_ENABLE_MODULES = YES;
				CLANG_ENABLE_OBJC_ARC = YES;
				CLANG_ENABLE_OBJC_WEAK = YES;
				CLANG_WARN_BLOCK_CAPTURE_AUTORELEASING = YES;
				CLANG_WARN_BOOL_CONVERSION = YES;
				CLANG_WARN_COMMA = YES;
				CLANG_WARN_CONSTANT_CONVERSION = YES;
				CLANG_WARN_DEPRECATED_OBJC_IMPLEMENTATIONS = YES;
				CLANG_WARN_DIRECT_OBJC_ISA_USAGE = YES_ERROR;
				CLANG_WARN_DOCUMENTATION_COMMENTS = YES;
				CLANG_WARN_EMPTY_BODY = YES;
				CLANG_WARN_ENUM_CONVERSION = YES;
				CLANG_WARN_INFINITE_RECURSION = YES;
				CLANG_WARN_INT_CONVERSION = YES;
				CLANG_WARN_NON_LITERAL_NULL_CONVERSION = YES;
				CLANG_WARN_OBJC_IMPLICIT_RETAIN_SELF = YES;
				CLANG_WARN_OBJC_LITERAL_CONVERSION = YES;
				CLANG_WARN_OBJC_ROOT_CLASS = YES_ERROR;
				CLANG_WARN_RANGE_LOOP_ANALYSIS = YES;
				CLANG_WARN_STRICT_PROTOTYPES = YES;
				CLANG_WARN_SUSPICIOUS_MOVE = YES;
				CLANG_WARN_UNGUARDED_AVAILABILITY = YES_AGGRESSIVE;
				CLANG_WARN_UNREACHABLE_CODE = YES;
				CLANG_WARN__DUPLICATE_METHOD_MATCH = YES;
				CODE_SIGN_IDENTITY = "iPhone Developer";
				COPY_PHASE_STRIP = NO;
				DEBUG_INFORMATION_FORMAT = "dwarf-with-dsym";
				ENABLE_NS_ASSERTIONS = NO;
				ENABLE_STRICT_OBJC_MSGSEND = YES;
				GCC_C_LANGUAGE_STANDARD = gnu11;
				GCC_NO_COMMON_BLOCKS = YES;
				GCC_WARN_64_TO_32_BIT_CONVERSION = YES;
				GCC_WARN_ABOUT_RETURN_TYPE = YES_ERROR;
				GCC_WARN_UNDECLARED_SELECTOR = YES;
				GCC_WARN_UNINITIALIZED_AUTOS = YES_AGGRESSIVE;
				GCC_WARN_UNUSED_FUNCTION = YES;
				GCC_WARN_UNUSED_VARIABLE = YES;
				IPHONEOS_DEPLOYMENT_TARGET = 9.0;
				MTL_ENABLE_DEBUG_INFO = NO;
				SDKROOT = iphoneos;
				SWIFT_COMPILATION_MODE = wholemodule;
				SWIFT_OPTIMIZATION_LEVEL = "-O";
				VALIDATE_PRODUCT = YES;
			};
			name = Release;
		};
		1310667420FDE3E800B27090 /* Debug */ = {
			isa = XCBuildConfiguration;
			baseConfigurationReference = 5275C9E8138BBD70BA0F80E2 /* Pods-huozi.debug.xcconfig */;
			buildSettings = {
				ASSETCATALOG_COMPILER_APPICON_NAME = AppIcon;
				CODE_SIGN_STYLE = Automatic;
				DEVELOPMENT_TEAM = 35QGMT6VY9;
				INFOPLIST_FILE = huozi/Info.plist;
				IPHONEOS_DEPLOYMENT_TARGET = 9.0;
				LD_RUNPATH_SEARCH_PATHS = (
					"$(inherited)",
					"@executable_path/Frameworks",
				);
				PRODUCT_BUNDLE_IDENTIFIER = io.github.celestialphineas.huozi;
				PRODUCT_NAME = "$(TARGET_NAME)";
				SWIFT_OBJC_BRIDGING_HEADER = "huozi/huozi-Bridging-Header.h";
				SWIFT_VERSION = 4.0;
				TARGETED_DEVICE_FAMILY = 1;
			};
			name = Debug;
		};
		1310667520FDE3E800B27090 /* Release */ = {
			isa = XCBuildConfiguration;
			baseConfigurationReference = F9A8E0C04133335C83407910 /* Pods-huozi.release.xcconfig */;
			buildSettings = {
				ASSETCATALOG_COMPILER_APPICON_NAME = AppIcon;
				CODE_SIGN_STYLE = Automatic;
				DEVELOPMENT_TEAM = 35QGMT6VY9;
				INFOPLIST_FILE = huozi/Info.plist;
				IPHONEOS_DEPLOYMENT_TARGET = 9.0;
				LD_RUNPATH_SEARCH_PATHS = (
					"$(inherited)",
					"@executable_path/Frameworks",
				);
				PRODUCT_BUNDLE_IDENTIFIER = io.github.celestialphineas.huozi;
				PRODUCT_NAME = "$(TARGET_NAME)";
				SWIFT_OBJC_BRIDGING_HEADER = "huozi/huozi-Bridging-Header.h";
				SWIFT_VERSION = 4.0;
				TARGETED_DEVICE_FAMILY = 1;
			};
			name = Release;
		};
/* End XCBuildConfiguration section */

/* Begin XCConfigurationList section */
		1310665C20FDE3E700B27090 /* Build configuration list for PBXProject "huozi" */ = {
			isa = XCConfigurationList;
			buildConfigurations = (
				1310667120FDE3E800B27090 /* Debug */,
				1310667220FDE3E800B27090 /* Release */,
			);
			defaultConfigurationIsVisible = 0;
			defaultConfigurationName = Release;
		};
		1310667320FDE3E800B27090 /* Build configuration list for PBXNativeTarget "huozi" */ = {
			isa = XCConfigurationList;
			buildConfigurations = (
				1310667420FDE3E800B27090 /* Debug */,
				1310667520FDE3E800B27090 /* Release */,
			);
			defaultConfigurationIsVisible = 0;
			defaultConfigurationName = Release;
		};
/* End XCConfigurationList section */
	};
	rootObject = 1310665920FDE3E700B27090 /* Project object */;
}
