// !$*UTF8*$!
{
	archiveVersion = 1;
	classes = {
	};
	objectVersion = 50;
	objects = {

/* Begin PBXBuildFile section */
		1310666520FDE3E700B27090 /* AppDelegate.swift in Sources */ = {isa = PBXBuildFile; fileRef = 1310666420FDE3E700B27090 /* AppDelegate.swift */; };
		1310666720FDE3E700B27090 /* ViewController.swift in Sources */ = {isa = PBXBuildFile; fileRef = 1310666620FDE3E700B27090 /* ViewController.swift */; };
		1310666A20FDE3E700B27090 /* Main.storyboard in Resources */ = {isa = PBXBuildFile; fileRef = 1310666820FDE3E700B27090 /* Main.storyboard */; };
		1310666C20FDE3E800B27090 /* Assets.xcassets in Resources */ = {isa = PBXBuildFile; fileRef = 1310666B20FDE3E800B27090 /* Assets.xcassets */; };
		1310666F20FDE3E800B27090 /* LaunchScreen.storyboard in Resources */ = {isa = PBXBuildFile; fileRef = 1310666D20FDE3E800B27090 /* LaunchScreen.storyboard */; };
		131066AC20FDE40600B27090 /* HeroAnimatorViewContext.swift in Sources */ = {isa = PBXBuildFile; fileRef = 1310667820FDE40600B27090 /* HeroAnimatorViewContext.swift */; };
		131066AD20FDE40600B27090 /* HeroCoreAnimationViewContext.swift in Sources */ = {isa = PBXBuildFile; fileRef = 1310667920FDE40600B27090 /* HeroCoreAnimationViewContext.swift */; };
		131066AE20FDE40600B27090 /* HeroDefaultAnimator.swift in Sources */ = {isa = PBXBuildFile; fileRef = 1310667A20FDE40600B27090 /* HeroDefaultAnimator.swift */; };
		131066AF20FDE40600B27090 /* HeroViewPropertyViewContext.swift in Sources */ = {isa = PBXBuildFile; fileRef = 1310667B20FDE40600B27090 /* HeroViewPropertyViewContext.swift */; };
		131066B020FDE40600B27090 /* HeroDebugPlugin.swift in Sources */ = {isa = PBXBuildFile; fileRef = 1310667D20FDE40600B27090 /* HeroDebugPlugin.swift */; };
		131066B120FDE40600B27090 /* HeroDebugView.swift in Sources */ = {isa = PBXBuildFile; fileRef = 1310667E20FDE40600B27090 /* HeroDebugView.swift */; };
		131066B220FDE40600B27090 /* Array+HeroModifier.swift in Sources */ = {isa = PBXBuildFile; fileRef = 1310668020FDE40600B27090 /* Array+HeroModifier.swift */; };
		131066B320FDE40600B27090 /* CALayer+Hero.swift in Sources */ = {isa = PBXBuildFile; fileRef = 1310668120FDE40600B27090 /* CALayer+Hero.swift */; };
		131066B420FDE40600B27090 /* CAMediaTimingFunction+Hero.swift in Sources */ = {isa = PBXBuildFile; fileRef = 1310668220FDE40600B27090 /* CAMediaTimingFunction+Hero.swift */; };
		131066B520FDE40600B27090 /* CG+Hero.swift in Sources */ = {isa = PBXBuildFile; fileRef = 1310668320FDE40600B27090 /* CG+Hero.swift */; };
		131066B620FDE40600B27090 /* DispatchQueue+Hero.swift in Sources */ = {isa = PBXBuildFile; fileRef = 1310668420FDE40600B27090 /* DispatchQueue+Hero.swift */; };
		131066B720FDE40600B27090 /* UIKit+Hero.swift in Sources */ = {isa = PBXBuildFile; fileRef = 1310668520FDE40600B27090 /* UIKit+Hero.swift */; };
		131066B820FDE40600B27090 /* UIView+Hero.swift in Sources */ = {isa = PBXBuildFile; fileRef = 1310668620FDE40600B27090 /* UIView+Hero.swift */; };
		131066B920FDE40600B27090 /* UIViewController+Hero.swift in Sources */ = {isa = PBXBuildFile; fileRef = 1310668720FDE40600B27090 /* UIViewController+Hero.swift */; };
		131066BA20FDE40600B27090 /* HeroCompatible.swift in Sources */ = {isa = PBXBuildFile; fileRef = 1310668920FDE40600B27090 /* HeroCompatible.swift */; };
		131066BB20FDE40600B27090 /* HeroContext.swift in Sources */ = {isa = PBXBuildFile; fileRef = 1310668A20FDE40600B27090 /* HeroContext.swift */; };
		131066BC20FDE40600B27090 /* HeroModifier+HeroStringConvertible.swift in Sources */ = {isa = PBXBuildFile; fileRef = 1310668B20FDE40600B27090 /* HeroModifier+HeroStringConvertible.swift */; };
		131066BD20FDE40600B27090 /* HeroModifier.swift in Sources */ = {isa = PBXBuildFile; fileRef = 1310668C20FDE40600B27090 /* HeroModifier.swift */; };
		131066BE20FDE40600B27090 /* HeroPlugin.swift in Sources */ = {isa = PBXBuildFile; fileRef = 1310668D20FDE40600B27090 /* HeroPlugin.swift */; };
		131066BF20FDE40600B27090 /* HeroTargetState.swift in Sources */ = {isa = PBXBuildFile; fileRef = 1310668E20FDE40600B27090 /* HeroTargetState.swift */; };
		131066C020FDE40600B27090 /* HeroTypes.swift in Sources */ = {isa = PBXBuildFile; fileRef = 1310668F20FDE40600B27090 /* HeroTypes.swift */; };
		131066C120FDE40600B27090 /* HeroViewControllerDelegate.swift in Sources */ = {isa = PBXBuildFile; fileRef = 1310669020FDE40600B27090 /* HeroViewControllerDelegate.swift */; };
		131066C220FDE40600B27090 /* Info.plist in Resources */ = {isa = PBXBuildFile; fileRef = 1310669120FDE40600B27090 /* Info.plist */; };
		131066C320FDE40600B27090 /* HeroStringConvertible.swift in Sources */ = {isa = PBXBuildFile; fileRef = 1310669320FDE40600B27090 /* HeroStringConvertible.swift */; };
		131066C420FDE40600B27090 /* Lexer.swift in Sources */ = {isa = PBXBuildFile; fileRef = 1310669420FDE40600B27090 /* Lexer.swift */; };
		131066C520FDE40600B27090 /* Nodes.swift in Sources */ = {isa = PBXBuildFile; fileRef = 1310669520FDE40600B27090 /* Nodes.swift */; };
		131066C620FDE40600B27090 /* Parser.swift in Sources */ = {isa = PBXBuildFile; fileRef = 1310669620FDE40600B27090 /* Parser.swift */; };
		131066C720FDE40600B27090 /* Regex.swift in Sources */ = {isa = PBXBuildFile; fileRef = 1310669720FDE40600B27090 /* Regex.swift */; };
		131066C820FDE40600B27090 /* BasePreprocessor.swift in Sources */ = {isa = PBXBuildFile; fileRef = 1310669920FDE40600B27090 /* BasePreprocessor.swift */; };
		131066C920FDE40600B27090 /* CascadePreprocessor.swift in Sources */ = {isa = PBXBuildFile; fileRef = 1310669A20FDE40600B27090 /* CascadePreprocessor.swift */; };
		131066CA20FDE40600B27090 /* ConditionalPreprocessor.swift in Sources */ = {isa = PBXBuildFile; fileRef = 1310669B20FDE40600B27090 /* ConditionalPreprocessor.swift */; };
		131066CB20FDE40600B27090 /* DefaultAnimationPreprocessor.swift in Sources */ = {isa = PBXBuildFile; fileRef = 1310669C20FDE40600B27090 /* DefaultAnimationPreprocessor.swift */; };
		131066CC20FDE40600B27090 /* IgnoreSubviewModifiersPreprocessor.swift in Sources */ = {isa = PBXBuildFile; fileRef = 1310669D20FDE40600B27090 /* IgnoreSubviewModifiersPreprocessor.swift */; };
		131066CD20FDE40600B27090 /* MatchPreprocessor.swift in Sources */ = {isa = PBXBuildFile; fileRef = 1310669E20FDE40600B27090 /* MatchPreprocessor.swift */; };
		131066CE20FDE40600B27090 /* SourcePreprocessor.swift in Sources */ = {isa = PBXBuildFile; fileRef = 1310669F20FDE40600B27090 /* SourcePreprocessor.swift */; };
		131066CF20FDE40600B27090 /* HeroProgressRunner.swift in Sources */ = {isa = PBXBuildFile; fileRef = 131066A120FDE40600B27090 /* HeroProgressRunner.swift */; };
		131066D020FDE40600B27090 /* HeroTransition+Animate.swift in Sources */ = {isa = PBXBuildFile; fileRef = 131066A220FDE40600B27090 /* HeroTransition+Animate.swift */; };
		131066D120FDE40600B27090 /* HeroTransition+Complete.swift in Sources */ = {isa = PBXBuildFile; fileRef = 131066A320FDE40600B27090 /* HeroTransition+Complete.swift */; };
		131066D220FDE40600B27090 /* HeroTransition+CustomTransition.swift in Sources */ = {isa = PBXBuildFile; fileRef = 131066A420FDE40600B27090 /* HeroTransition+CustomTransition.swift */; };
		131066D320FDE40600B27090 /* HeroTransition+Interactive.swift in Sources */ = {isa = PBXBuildFile; fileRef = 131066A520FDE40600B27090 /* HeroTransition+Interactive.swift */; };
		131066D420FDE40600B27090 /* HeroTransition+Start.swift in Sources */ = {isa = PBXBuildFile; fileRef = 131066A620FDE40600B27090 /* HeroTransition+Start.swift */; };
		131066D520FDE40600B27090 /* HeroTransition+UINavigationControllerDelegate.swift in Sources */ = {isa = PBXBuildFile; fileRef = 131066A720FDE40600B27090 /* HeroTransition+UINavigationControllerDelegate.swift */; };
		131066D620FDE40600B27090 /* HeroTransition+UITabBarControllerDelegate.swift in Sources */ = {isa = PBXBuildFile; fileRef = 131066A820FDE40600B27090 /* HeroTransition+UITabBarControllerDelegate.swift */; };
		131066D720FDE40600B27090 /* HeroTransition+UIViewControllerTransitioningDelegate.swift in Sources */ = {isa = PBXBuildFile; fileRef = 131066A920FDE40600B27090 /* HeroTransition+UIViewControllerTransitioningDelegate.swift */; };
		131066D820FDE40600B27090 /* HeroTransition.swift in Sources */ = {isa = PBXBuildFile; fileRef = 131066AA20FDE40600B27090 /* HeroTransition.swift */; };
		131066D920FDE40600B27090 /* HeroTransitionState.swift in Sources */ = {isa = PBXBuildFile; fileRef = 131066AB20FDE40600B27090 /* HeroTransitionState.swift */; };
		139BDE3520FED546007C3675 /* StoryCard.swift in Sources */ = {isa = PBXBuildFile; fileRef = 139BDE3420FED546007C3675 /* StoryCard.swift */; };
		139BDE3820FEE6B5007C3675 /* HomeTableViewController.swift in Sources */ = {isa = PBXBuildFile; fileRef = 139BDE3720FEE6B5007C3675 /* HomeTableViewController.swift */; };
		139BDE3A20FF1A93007C3675 /* StoryCardCell.swift in Sources */ = {isa = PBXBuildFile; fileRef = 139BDE3920FF1A93007C3675 /* StoryCardCell.swift */; };
		139BDE3C20FF2D89007C3675 /* GradientView.swift in Sources */ = {isa = PBXBuildFile; fileRef = 139BDE3B20FF2D89007C3675 /* GradientView.swift */; };
		139BDE3E20FF4FF1007C3675 /* DataHandler.swift in Sources */ = {isa = PBXBuildFile; fileRef = 139BDE3D20FF4FF1007C3675 /* DataHandler.swift */; };
		139BDE4020FF613A007C3675 /* StoryCardContainable.swift in Sources */ = {isa = PBXBuildFile; fileRef = 139BDE3F20FF613A007C3675 /* StoryCardContainable.swift */; };
/* End PBXBuildFile section */

/* Begin PBXFileReference section */
		1310666120FDE3E700B27090 /* huozi.app */ = {isa = PBXFileReference; explicitFileType = wrapper.application; includeInIndex = 0; path = huozi.app; sourceTree = BUILT_PRODUCTS_DIR; };
		1310666420FDE3E700B27090 /* AppDelegate.swift */ = {isa = PBXFileReference; lastKnownFileType = sourcecode.swift; path = AppDelegate.swift; sourceTree = "<group>"; };
		1310666620FDE3E700B27090 /* ViewController.swift */ = {isa = PBXFileReference; lastKnownFileType = sourcecode.swift; path = ViewController.swift; sourceTree = "<group>"; };
		1310666B20FDE3E800B27090 /* Assets.xcassets */ = {isa = PBXFileReference; lastKnownFileType = folder.assetcatalog; path = Assets.xcassets; sourceTree = "<group>"; };
		1310667020FDE3E800B27090 /* Info.plist */ = {isa = PBXFileReference; lastKnownFileType = text.plist.xml; path = Info.plist; sourceTree = "<group>"; };
		1310667820FDE40600B27090 /* HeroAnimatorViewContext.swift */ = {isa = PBXFileReference; fileEncoding = 4; lastKnownFileType = sourcecode.swift; path = HeroAnimatorViewContext.swift; sourceTree = "<group>"; };
		1310667920FDE40600B27090 /* HeroCoreAnimationViewContext.swift */ = {isa = PBXFileReference; fileEncoding = 4; lastKnownFileType = sourcecode.swift; path = HeroCoreAnimationViewContext.swift; sourceTree = "<group>"; };
		1310667A20FDE40600B27090 /* HeroDefaultAnimator.swift */ = {isa = PBXFileReference; fileEncoding = 4; lastKnownFileType = sourcecode.swift; path = HeroDefaultAnimator.swift; sourceTree = "<group>"; };
		1310667B20FDE40600B27090 /* HeroViewPropertyViewContext.swift */ = {isa = PBXFileReference; fileEncoding = 4; lastKnownFileType = sourcecode.swift; path = HeroViewPropertyViewContext.swift; sourceTree = "<group>"; };
		1310667D20FDE40600B27090 /* HeroDebugPlugin.swift */ = {isa = PBXFileReference; fileEncoding = 4; lastKnownFileType = sourcecode.swift; path = HeroDebugPlugin.swift; sourceTree = "<group>"; };
		1310667E20FDE40600B27090 /* HeroDebugView.swift */ = {isa = PBXFileReference; fileEncoding = 4; lastKnownFileType = sourcecode.swift; path = HeroDebugView.swift; sourceTree = "<group>"; };
		1310668020FDE40600B27090 /* Array+HeroModifier.swift */ = {isa = PBXFileReference; fileEncoding = 4; lastKnownFileType = sourcecode.swift; path = "Array+HeroModifier.swift"; sourceTree = "<group>"; };
		1310668120FDE40600B27090 /* CALayer+Hero.swift */ = {isa = PBXFileReference; fileEncoding = 4; lastKnownFileType = sourcecode.swift; path = "CALayer+Hero.swift"; sourceTree = "<group>"; };
		1310668220FDE40600B27090 /* CAMediaTimingFunction+Hero.swift */ = {isa = PBXFileReference; fileEncoding = 4; lastKnownFileType = sourcecode.swift; path = "CAMediaTimingFunction+Hero.swift"; sourceTree = "<group>"; };
		1310668320FDE40600B27090 /* CG+Hero.swift */ = {isa = PBXFileReference; fileEncoding = 4; lastKnownFileType = sourcecode.swift; path = "CG+Hero.swift"; sourceTree = "<group>"; };
		1310668420FDE40600B27090 /* DispatchQueue+Hero.swift */ = {isa = PBXFileReference; fileEncoding = 4; lastKnownFileType = sourcecode.swift; path = "DispatchQueue+Hero.swift"; sourceTree = "<group>"; };
		1310668520FDE40600B27090 /* UIKit+Hero.swift */ = {isa = PBXFileReference; fileEncoding = 4; lastKnownFileType = sourcecode.swift; path = "UIKit+Hero.swift"; sourceTree = "<group>"; };
		1310668620FDE40600B27090 /* UIView+Hero.swift */ = {isa = PBXFileReference; fileEncoding = 4; lastKnownFileType = sourcecode.swift; path = "UIView+Hero.swift"; sourceTree = "<group>"; };
		1310668720FDE40600B27090 /* UIViewController+Hero.swift */ = {isa = PBXFileReference; fileEncoding = 4; lastKnownFileType = sourcecode.swift; path = "UIViewController+Hero.swift"; sourceTree = "<group>"; };
		1310668820FDE40600B27090 /* Hero.h */ = {isa = PBXFileReference; fileEncoding = 4; lastKnownFileType = sourcecode.c.h; path = Hero.h; sourceTree = "<group>"; };
		1310668920FDE40600B27090 /* HeroCompatible.swift */ = {isa = PBXFileReference; fileEncoding = 4; lastKnownFileType = sourcecode.swift; path = HeroCompatible.swift; sourceTree = "<group>"; };
		1310668A20FDE40600B27090 /* HeroContext.swift */ = {isa = PBXFileReference; fileEncoding = 4; lastKnownFileType = sourcecode.swift; path = HeroContext.swift; sourceTree = "<group>"; };
		1310668B20FDE40600B27090 /* HeroModifier+HeroStringConvertible.swift */ = {isa = PBXFileReference; fileEncoding = 4; lastKnownFileType = sourcecode.swift; path = "HeroModifier+HeroStringConvertible.swift"; sourceTree = "<group>"; };
		1310668C20FDE40600B27090 /* HeroModifier.swift */ = {isa = PBXFileReference; fileEncoding = 4; lastKnownFileType = sourcecode.swift; path = HeroModifier.swift; sourceTree = "<group>"; };
		1310668D20FDE40600B27090 /* HeroPlugin.swift */ = {isa = PBXFileReference; fileEncoding = 4; lastKnownFileType = sourcecode.swift; path = HeroPlugin.swift; sourceTree = "<group>"; };
		1310668E20FDE40600B27090 /* HeroTargetState.swift */ = {isa = PBXFileReference; fileEncoding = 4; lastKnownFileType = sourcecode.swift; path = HeroTargetState.swift; sourceTree = "<group>"; };
		1310668F20FDE40600B27090 /* HeroTypes.swift */ = {isa = PBXFileReference; fileEncoding = 4; lastKnownFileType = sourcecode.swift; path = HeroTypes.swift; sourceTree = "<group>"; };
		1310669020FDE40600B27090 /* HeroViewControllerDelegate.swift */ = {isa = PBXFileReference; fileEncoding = 4; lastKnownFileType = sourcecode.swift; path = HeroViewControllerDelegate.swift; sourceTree = "<group>"; };
		1310669120FDE40600B27090 /* Info.plist */ = {isa = PBXFileReference; fileEncoding = 4; lastKnownFileType = text.plist.xml; path = Info.plist; sourceTree = "<group>"; };
		1310669320FDE40600B27090 /* HeroStringConvertible.swift */ = {isa = PBXFileReference; fileEncoding = 4; lastKnownFileType = sourcecode.swift; path = HeroStringConvertible.swift; sourceTree = "<group>"; };
		1310669420FDE40600B27090 /* Lexer.swift */ = {isa = PBXFileReference; fileEncoding = 4; lastKnownFileType = sourcecode.swift; path = Lexer.swift; sourceTree = "<group>"; };
		1310669520FDE40600B27090 /* Nodes.swift */ = {isa = PBXFileReference; fileEncoding = 4; lastKnownFileType = sourcecode.swift; path = Nodes.swift; sourceTree = "<group>"; };
		1310669620FDE40600B27090 /* Parser.swift */ = {isa = PBXFileReference; fileEncoding = 4; lastKnownFileType = sourcecode.swift; path = Parser.swift; sourceTree = "<group>"; };
		1310669720FDE40600B27090 /* Regex.swift */ = {isa = PBXFileReference; fileEncoding = 4; lastKnownFileType = sourcecode.swift; path = Regex.swift; sourceTree = "<group>"; };
		1310669920FDE40600B27090 /* BasePreprocessor.swift */ = {isa = PBXFileReference; fileEncoding = 4; lastKnownFileType = sourcecode.swift; path = BasePreprocessor.swift; sourceTree = "<group>"; };
		1310669A20FDE40600B27090 /* CascadePreprocessor.swift */ = {isa = PBXFileReference; fileEncoding = 4; lastKnownFileType = sourcecode.swift; path = CascadePreprocessor.swift; sourceTree = "<group>"; };
		1310669B20FDE40600B27090 /* ConditionalPreprocessor.swift */ = {isa = PBXFileReference; fileEncoding = 4; lastKnownFileType = sourcecode.swift; path = ConditionalPreprocessor.swift; sourceTree = "<group>"; };
		1310669C20FDE40600B27090 /* DefaultAnimationPreprocessor.swift */ = {isa = PBXFileReference; fileEncoding = 4; lastKnownFileType = sourcecode.swift; path = DefaultAnimationPreprocessor.swift; sourceTree = "<group>"; };
		1310669D20FDE40600B27090 /* IgnoreSubviewModifiersPreprocessor.swift */ = {isa = PBXFileReference; fileEncoding = 4; lastKnownFileType = sourcecode.swift; path = IgnoreSubviewModifiersPreprocessor.swift; sourceTree = "<group>"; };
		1310669E20FDE40600B27090 /* MatchPreprocessor.swift */ = {isa = PBXFileReference; fileEncoding = 4; lastKnownFileType = sourcecode.swift; path = MatchPreprocessor.swift; sourceTree = "<group>"; };
		1310669F20FDE40600B27090 /* SourcePreprocessor.swift */ = {isa = PBXFileReference; fileEncoding = 4; lastKnownFileType = sourcecode.swift; path = SourcePreprocessor.swift; sourceTree = "<group>"; };
		131066A120FDE40600B27090 /* HeroProgressRunner.swift */ = {isa = PBXFileReference; fileEncoding = 4; lastKnownFileType = sourcecode.swift; path = HeroProgressRunner.swift; sourceTree = "<group>"; };
		131066A220FDE40600B27090 /* HeroTransition+Animate.swift */ = {isa = PBXFileReference; fileEncoding = 4; lastKnownFileType = sourcecode.swift; path = "HeroTransition+Animate.swift"; sourceTree = "<group>"; };
		131066A320FDE40600B27090 /* HeroTransition+Complete.swift */ = {isa = PBXFileReference; fileEncoding = 4; lastKnownFileType = sourcecode.swift; path = "HeroTransition+Complete.swift"; sourceTree = "<group>"; };
		131066A420FDE40600B27090 /* HeroTransition+CustomTransition.swift */ = {isa = PBXFileReference; fileEncoding = 4; lastKnownFileType = sourcecode.swift; path = "HeroTransition+CustomTransition.swift"; sourceTree = "<group>"; };
		131066A520FDE40600B27090 /* HeroTransition+Interactive.swift */ = {isa = PBXFileReference; fileEncoding = 4; lastKnownFileType = sourcecode.swift; path = "HeroTransition+Interactive.swift"; sourceTree = "<group>"; };
		131066A620FDE40600B27090 /* HeroTransition+Start.swift */ = {isa = PBXFileReference; fileEncoding = 4; lastKnownFileType = sourcecode.swift; path = "HeroTransition+Start.swift"; sourceTree = "<group>"; };
		131066A720FDE40600B27090 /* HeroTransition+UINavigationControllerDelegate.swift */ = {isa = PBXFileReference; fileEncoding = 4; lastKnownFileType = sourcecode.swift; path = "HeroTransition+UINavigationControllerDelegate.swift"; sourceTree = "<group>"; };
		131066A820FDE40600B27090 /* HeroTransition+UITabBarControllerDelegate.swift */ = {isa = PBXFileReference; fileEncoding = 4; lastKnownFileType = sourcecode.swift; path = "HeroTransition+UITabBarControllerDelegate.swift"; sourceTree = "<group>"; };
		131066A920FDE40600B27090 /* HeroTransition+UIViewControllerTransitioningDelegate.swift */ = {isa = PBXFileReference; fileEncoding = 4; lastKnownFileType = sourcecode.swift; path = "HeroTransition+UIViewControllerTransitioningDelegate.swift"; sourceTree = "<group>"; };
		131066AA20FDE40600B27090 /* HeroTransition.swift */ = {isa = PBXFileReference; fileEncoding = 4; lastKnownFileType = sourcecode.swift; path = HeroTransition.swift; sourceTree = "<group>"; };
		131066AB20FDE40600B27090 /* HeroTransitionState.swift */ = {isa = PBXFileReference; fileEncoding = 4; lastKnownFileType = sourcecode.swift; path = HeroTransitionState.swift; sourceTree = "<group>"; };
		139BDE2C20FDFA47007C3675 /* Base */ = {isa = PBXFileReference; lastKnownFileType = file.storyboard; name = Base; path = Base.lproj/Main.storyboard; sourceTree = "<group>"; };
		139BDE2D20FDFA47007C3675 /* Base */ = {isa = PBXFileReference; lastKnownFileType = file.storyboard; name = Base; path = Base.lproj/LaunchScreen.storyboard; sourceTree = "<group>"; };
		139BDE3420FED546007C3675 /* StoryCard.swift */ = {isa = PBXFileReference; lastKnownFileType = sourcecode.swift; path = StoryCard.swift; sourceTree = "<group>"; };
		139BDE3720FEE6B5007C3675 /* HomeTableViewController.swift */ = {isa = PBXFileReference; lastKnownFileType = sourcecode.swift; path = HomeTableViewController.swift; sourceTree = "<group>"; };
		139BDE3920FF1A93007C3675 /* StoryCardCell.swift */ = {isa = PBXFileReference; lastKnownFileType = sourcecode.swift; path = StoryCardCell.swift; sourceTree = "<group>"; };
		139BDE3B20FF2D89007C3675 /* GradientView.swift */ = {isa = PBXFileReference; lastKnownFileType = sourcecode.swift; path = GradientView.swift; sourceTree = "<group>"; };
		139BDE3D20FF4FF1007C3675 /* DataHandler.swift */ = {isa = PBXFileReference; lastKnownFileType = sourcecode.swift; path = DataHandler.swift; sourceTree = "<group>"; };
		139BDE3F20FF613A007C3675 /* StoryCardContainable.swift */ = {isa = PBXFileReference; lastKnownFileType = sourcecode.swift; path = StoryCardContainable.swift; sourceTree = "<group>"; };
/* End PBXFileReference section */

/* Begin PBXFrameworksBuildPhase section */
		1310665E20FDE3E700B27090 /* Frameworks */ = {
			isa = PBXFrameworksBuildPhase;
			buildActionMask = 2147483647;
			files = (
			);
			runOnlyForDeploymentPostprocessing = 0;
		};
/* End PBXFrameworksBuildPhase section */

/* Begin PBXGroup section */
		1310665820FDE3E700B27090 = {
			isa = PBXGroup;
			children = (
				1310666320FDE3E700B27090 /* huozi */,
				1310666220FDE3E700B27090 /* Products */,
				1310667620FDE40600B27090 /* Sources */,
			);
			sourceTree = "<group>";
		};
		1310666220FDE3E700B27090 /* Products */ = {
			isa = PBXGroup;
			children = (
				1310666120FDE3E700B27090 /* huozi.app */,
			);
			name = Products;
			sourceTree = "<group>";
		};
		1310666320FDE3E700B27090 /* huozi */ = {
			isa = PBXGroup;
			children = (
				139BDE3620FEE661007C3675 /* components */,
				1310666420FDE3E700B27090 /* AppDelegate.swift */,
				1310666620FDE3E700B27090 /* ViewController.swift */,
				1310666820FDE3E700B27090 /* Main.storyboard */,
				1310666B20FDE3E800B27090 /* Assets.xcassets */,
				1310666D20FDE3E800B27090 /* LaunchScreen.storyboard */,
				1310667020FDE3E800B27090 /* Info.plist */,
				139BDE3D20FF4FF1007C3675 /* DataHandler.swift */,
			);
			path = huozi;
			sourceTree = "<group>";
		};
		1310667620FDE40600B27090 /* Sources */ = {
			isa = PBXGroup;
			children = (
				1310667720FDE40600B27090 /* Animator */,
				1310667C20FDE40600B27090 /* Debug Plugin */,
				1310667F20FDE40600B27090 /* Extensions */,
				1310668820FDE40600B27090 /* Hero.h */,
				1310668920FDE40600B27090 /* HeroCompatible.swift */,
				1310668A20FDE40600B27090 /* HeroContext.swift */,
				1310668B20FDE40600B27090 /* HeroModifier+HeroStringConvertible.swift */,
				1310668C20FDE40600B27090 /* HeroModifier.swift */,
				1310668D20FDE40600B27090 /* HeroPlugin.swift */,
				1310668E20FDE40600B27090 /* HeroTargetState.swift */,
				1310668F20FDE40600B27090 /* HeroTypes.swift */,
				1310669020FDE40600B27090 /* HeroViewControllerDelegate.swift */,
				1310669120FDE40600B27090 /* Info.plist */,
				1310669220FDE40600B27090 /* Parser */,
				1310669820FDE40600B27090 /* Preprocessors */,
				131066A020FDE40600B27090 /* Transition */,
			);
			path = Sources;
			sourceTree = "<group>";
		};
		1310667720FDE40600B27090 /* Animator */ = {
			isa = PBXGroup;
			children = (
				1310667820FDE40600B27090 /* HeroAnimatorViewContext.swift */,
				1310667920FDE40600B27090 /* HeroCoreAnimationViewContext.swift */,
				1310667A20FDE40600B27090 /* HeroDefaultAnimator.swift */,
				1310667B20FDE40600B27090 /* HeroViewPropertyViewContext.swift */,
			);
			path = Animator;
			sourceTree = "<group>";
		};
		1310667C20FDE40600B27090 /* Debug Plugin */ = {
			isa = PBXGroup;
			children = (
				1310667D20FDE40600B27090 /* HeroDebugPlugin.swift */,
				1310667E20FDE40600B27090 /* HeroDebugView.swift */,
			);
			path = "Debug Plugin";
			sourceTree = "<group>";
		};
		1310667F20FDE40600B27090 /* Extensions */ = {
			isa = PBXGroup;
			children = (
				1310668020FDE40600B27090 /* Array+HeroModifier.swift */,
				1310668120FDE40600B27090 /* CALayer+Hero.swift */,
				1310668220FDE40600B27090 /* CAMediaTimingFunction+Hero.swift */,
				1310668320FDE40600B27090 /* CG+Hero.swift */,
				1310668420FDE40600B27090 /* DispatchQueue+Hero.swift */,
				1310668520FDE40600B27090 /* UIKit+Hero.swift */,
				1310668620FDE40600B27090 /* UIView+Hero.swift */,
				1310668720FDE40600B27090 /* UIViewController+Hero.swift */,
			);
			path = Extensions;
			sourceTree = "<group>";
		};
		1310669220FDE40600B27090 /* Parser */ = {
			isa = PBXGroup;
			children = (
				1310669320FDE40600B27090 /* HeroStringConvertible.swift */,
				1310669420FDE40600B27090 /* Lexer.swift */,
				1310669520FDE40600B27090 /* Nodes.swift */,
				1310669620FDE40600B27090 /* Parser.swift */,
				1310669720FDE40600B27090 /* Regex.swift */,
			);
			path = Parser;
			sourceTree = "<group>";
		};
		1310669820FDE40600B27090 /* Preprocessors */ = {
			isa = PBXGroup;
			children = (
				1310669920FDE40600B27090 /* BasePreprocessor.swift */,
				1310669A20FDE40600B27090 /* CascadePreprocessor.swift */,
				1310669B20FDE40600B27090 /* ConditionalPreprocessor.swift */,
				1310669C20FDE40600B27090 /* DefaultAnimationPreprocessor.swift */,
				1310669D20FDE40600B27090 /* IgnoreSubviewModifiersPreprocessor.swift */,
				1310669E20FDE40600B27090 /* MatchPreprocessor.swift */,
				1310669F20FDE40600B27090 /* SourcePreprocessor.swift */,
			);
			path = Preprocessors;
			sourceTree = "<group>";
		};
		131066A020FDE40600B27090 /* Transition */ = {
			isa = PBXGroup;
			children = (
				131066A120FDE40600B27090 /* HeroProgressRunner.swift */,
				131066A220FDE40600B27090 /* HeroTransition+Animate.swift */,
				131066A320FDE40600B27090 /* HeroTransition+Complete.swift */,
				131066A420FDE40600B27090 /* HeroTransition+CustomTransition.swift */,
				131066A520FDE40600B27090 /* HeroTransition+Interactive.swift */,
				131066A620FDE40600B27090 /* HeroTransition+Start.swift */,
				131066A720FDE40600B27090 /* HeroTransition+UINavigationControllerDelegate.swift */,
				131066A820FDE40600B27090 /* HeroTransition+UITabBarControllerDelegate.swift */,
				131066A920FDE40600B27090 /* HeroTransition+UIViewControllerTransitioningDelegate.swift */,
				131066AA20FDE40600B27090 /* HeroTransition.swift */,
				131066AB20FDE40600B27090 /* HeroTransitionState.swift */,
			);
			path = Transition;
			sourceTree = "<group>";
		};
		139BDE3620FEE661007C3675 /* components */ = {
			isa = PBXGroup;
			children = (
				139BDE3420FED546007C3675 /* StoryCard.swift */,
				139BDE3720FEE6B5007C3675 /* HomeTableViewController.swift */,
				139BDE3920FF1A93007C3675 /* StoryCardCell.swift */,
				139BDE3B20FF2D89007C3675 /* GradientView.swift */,
				139BDE3F20FF613A007C3675 /* StoryCardContainable.swift */,
			);
			path = components;
			sourceTree = "<group>";
		};
/* End PBXGroup section */

/* Begin PBXNativeTarget section */
		1310666020FDE3E700B27090 /* huozi */ = {
			isa = PBXNativeTarget;
			buildConfigurationList = 1310667320FDE3E800B27090 /* Build configuration list for PBXNativeTarget "huozi" */;
			buildPhases = (
				1310665D20FDE3E700B27090 /* Sources */,
				1310665E20FDE3E700B27090 /* Frameworks */,
				1310665F20FDE3E700B27090 /* Resources */,
			);
			buildRules = (
			);
			dependencies = (
			);
			name = huozi;
			productName = huozi;
			productReference = 1310666120FDE3E700B27090 /* huozi.app */;
			productType = "com.apple.product-type.application";
		};
/* End PBXNativeTarget section */

/* Begin PBXProject section */
		1310665920FDE3E700B27090 /* Project object */ = {
			isa = PBXProject;
			attributes = {
				LastSwiftUpdateCheck = 0940;
				LastUpgradeCheck = 0940;
				ORGANIZATIONNAME = "Celestial Phineas";
				TargetAttributes = {
					1310666020FDE3E700B27090 = {
						CreatedOnToolsVersion = 9.4;
					};
				};
			};
			buildConfigurationList = 1310665C20FDE3E700B27090 /* Build configuration list for PBXProject "huozi" */;
			compatibilityVersion = "Xcode 9.3";
			developmentRegion = "zh-Hans";
			hasScannedForEncodings = 0;
			knownRegions = (
				Base,
			);
			mainGroup = 1310665820FDE3E700B27090;
			productRefGroup = 1310666220FDE3E700B27090 /* Products */;
			projectDirPath = "";
			projectRoot = "";
			targets = (
				1310666020FDE3E700B27090 /* huozi */,
			);
		};
/* End PBXProject section */

/* Begin PBXResourcesBuildPhase section */
		1310665F20FDE3E700B27090 /* Resources */ = {
			isa = PBXResourcesBuildPhase;
			buildActionMask = 2147483647;
			files = (
				131066C220FDE40600B27090 /* Info.plist in Resources */,
				1310666F20FDE3E800B27090 /* LaunchScreen.storyboard in Resources */,
				1310666C20FDE3E800B27090 /* Assets.xcassets in Resources */,
				1310666A20FDE3E700B27090 /* Main.storyboard in Resources */,
			);
			runOnlyForDeploymentPostprocessing = 0;
		};
/* End PBXResourcesBuildPhase section */

/* Begin PBXSourcesBuildPhase section */
		1310665D20FDE3E700B27090 /* Sources */ = {
			isa = PBXSourcesBuildPhase;
			buildActionMask = 2147483647;
			files = (
				131066BC20FDE40600B27090 /* HeroModifier+HeroStringConvertible.swift in Sources */,
				131066B620FDE40600B27090 /* DispatchQueue+Hero.swift in Sources */,
				131066D920FDE40600B27090 /* HeroTransitionState.swift in Sources */,
				131066D220FDE40600B27090 /* HeroTransition+CustomTransition.swift in Sources */,
				131066AF20FDE40600B27090 /* HeroViewPropertyViewContext.swift in Sources */,
				139BDE3C20FF2D89007C3675 /* GradientView.swift in Sources */,
				131066B820FDE40600B27090 /* UIView+Hero.swift in Sources */,
				131066BF20FDE40600B27090 /* HeroTargetState.swift in Sources */,
				131066D720FDE40600B27090 /* HeroTransition+UIViewControllerTransitioningDelegate.swift in Sources */,
				131066B420FDE40600B27090 /* CAMediaTimingFunction+Hero.swift in Sources */,
				131066AD20FDE40600B27090 /* HeroCoreAnimationViewContext.swift in Sources */,
				131066C320FDE40600B27090 /* HeroStringConvertible.swift in Sources */,
				139BDE3820FEE6B5007C3675 /* HomeTableViewController.swift in Sources */,
				131066AE20FDE40600B27090 /* HeroDefaultAnimator.swift in Sources */,
				139BDE4020FF613A007C3675 /* StoryCardContainable.swift in Sources */,
				131066B220FDE40600B27090 /* Array+HeroModifier.swift in Sources */,
				131066D620FDE40600B27090 /* HeroTransition+UITabBarControllerDelegate.swift in Sources */,
				131066C020FDE40600B27090 /* HeroTypes.swift in Sources */,
				131066D520FDE40600B27090 /* HeroTransition+UINavigationControllerDelegate.swift in Sources */,
				131066BA20FDE40600B27090 /* HeroCompatible.swift in Sources */,
				131066CF20FDE40600B27090 /* HeroProgressRunner.swift in Sources */,
				131066BE20FDE40600B27090 /* HeroPlugin.swift in Sources */,
				1310666720FDE3E700B27090 /* ViewController.swift in Sources */,
				131066AC20FDE40600B27090 /* HeroAnimatorViewContext.swift in Sources */,
				131066CE20FDE40600B27090 /* SourcePreprocessor.swift in Sources */,
				139BDE3E20FF4FF1007C3675 /* DataHandler.swift in Sources */,
				131066C720FDE40600B27090 /* Regex.swift in Sources */,
				131066B020FDE40600B27090 /* HeroDebugPlugin.swift in Sources */,
				131066B120FDE40600B27090 /* HeroDebugView.swift in Sources */,
				131066B720FDE40600B27090 /* UIKit+Hero.swift in Sources */,
				131066D320FDE40600B27090 /* HeroTransition+Interactive.swift in Sources */,
				131066CA20FDE40600B27090 /* ConditionalPreprocessor.swift in Sources */,
				139BDE3A20FF1A93007C3675 /* StoryCardCell.swift in Sources */,
				131066BB20FDE40600B27090 /* HeroContext.swift in Sources */,
				131066C520FDE40600B27090 /* Nodes.swift in Sources */,
				131066C620FDE40600B27090 /* Parser.swift in Sources */,
				131066B920FDE40600B27090 /* UIViewController+Hero.swift in Sources */,
				131066C420FDE40600B27090 /* Lexer.swift in Sources */,
				1310666520FDE3E700B27090 /* AppDelegate.swift in Sources */,
				131066B320FDE40600B27090 /* CALayer+Hero.swift in Sources */,
				131066BD20FDE40600B27090 /* HeroModifier.swift in Sources */,
				131066C120FDE40600B27090 /* HeroViewControllerDelegate.swift in Sources */,
				139BDE3520FED546007C3675 /* StoryCard.swift in Sources */,
				131066B520FDE40600B27090 /* CG+Hero.swift in Sources */,
				131066CD20FDE40600B27090 /* MatchPreprocessor.swift in Sources */,
				131066D820FDE40600B27090 /* HeroTransition.swift in Sources */,
				131066C820FDE40600B27090 /* BasePreprocessor.swift in Sources */,
				131066CB20FDE40600B27090 /* DefaultAnimationPreprocessor.swift in Sources */,
				131066C920FDE40600B27090 /* CascadePreprocessor.swift in Sources */,
				131066D020FDE40600B27090 /* HeroTransition+Animate.swift in Sources */,
				131066D420FDE40600B27090 /* HeroTransition+Start.swift in Sources */,
				131066CC20FDE40600B27090 /* IgnoreSubviewModifiersPreprocessor.swift in Sources */,
				131066D120FDE40600B27090 /* HeroTransition+Complete.swift in Sources */,
			);
			runOnlyForDeploymentPostprocessing = 0;
		};
/* End PBXSourcesBuildPhase section */

/* Begin PBXVariantGroup section */
		1310666820FDE3E700B27090 /* Main.storyboard */ = {
			isa = PBXVariantGroup;
			children = (
				139BDE2C20FDFA47007C3675 /* Base */,
			);
			name = Main.storyboard;
			sourceTree = "<group>";
		};
		1310666D20FDE3E800B27090 /* LaunchScreen.storyboard */ = {
			isa = PBXVariantGroup;
			children = (
				139BDE2D20FDFA47007C3675 /* Base */,
			);
			name = LaunchScreen.storyboard;
			sourceTree = "<group>";
		};
/* End PBXVariantGroup section */

/* Begin XCBuildConfiguration section */
		1310667120FDE3E800B27090 /* Debug */ = {
			isa = XCBuildConfiguration;
			buildSettings = {
				ALWAYS_SEARCH_USER_PATHS = NO;
				CLANG_ANALYZER_LOCALIZABILITY_NONLOCALIZED = YES;
				CLANG_ANALYZER_NONNULL = YES;
				CLANG_ANALYZER_NUMBER_OBJECT_CONVERSION = YES_AGGRESSIVE;
				CLANG_CXX_LANGUAGE_STANDARD = "gnu++14";
				CLANG_CXX_LIBRARY = "libc++";
				CLANG_ENABLE_MODULES = YES;
				CLANG_ENABLE_OBJC_ARC = YES;
				CLANG_ENABLE_OBJC_WEAK = YES;
				CLANG_WARN_BLOCK_CAPTURE_AUTORELEASING = YES;
				CLANG_WARN_BOOL_CONVERSION = YES;
				CLANG_WARN_COMMA = YES;
				CLANG_WARN_CONSTANT_CONVERSION = YES;
				CLANG_WARN_DEPRECATED_OBJC_IMPLEMENTATIONS = YES;
				CLANG_WARN_DIRECT_OBJC_ISA_USAGE = YES_ERROR;
				CLANG_WARN_DOCUMENTATION_COMMENTS = YES;
				CLANG_WARN_EMPTY_BODY = YES;
				CLANG_WARN_ENUM_CONVERSION = YES;
				CLANG_WARN_INFINITE_RECURSION = YES;
				CLANG_WARN_INT_CONVERSION = YES;
				CLANG_WARN_NON_LITERAL_NULL_CONVERSION = YES;
				CLANG_WARN_OBJC_IMPLICIT_RETAIN_SELF = YES;
				CLANG_WARN_OBJC_LITERAL_CONVERSION = YES;
				CLANG_WARN_OBJC_ROOT_CLASS = YES_ERROR;
				CLANG_WARN_RANGE_LOOP_ANALYSIS = YES;
				CLANG_WARN_STRICT_PROTOTYPES = YES;
				CLANG_WARN_SUSPICIOUS_MOVE = YES;
				CLANG_WARN_UNGUARDED_AVAILABILITY = YES_AGGRESSIVE;
				CLANG_WARN_UNREACHABLE_CODE = YES;
				CLANG_WARN__DUPLICATE_METHOD_MATCH = YES;
				CODE_SIGN_IDENTITY = "iPhone Developer";
				COPY_PHASE_STRIP = NO;
				DEBUG_INFORMATION_FORMAT = dwarf;
				ENABLE_STRICT_OBJC_MSGSEND = YES;
				ENABLE_TESTABILITY = YES;
				GCC_C_LANGUAGE_STANDARD = gnu11;
				GCC_DYNAMIC_NO_PIC = NO;
				GCC_NO_COMMON_BLOCKS = YES;
				GCC_OPTIMIZATION_LEVEL = 0;
				GCC_PREPROCESSOR_DEFINITIONS = (
					"DEBUG=1",
					"$(inherited)",
				);
				GCC_WARN_64_TO_32_BIT_CONVERSION = YES;
				GCC_WARN_ABOUT_RETURN_TYPE = YES_ERROR;
				GCC_WARN_UNDECLARED_SELECTOR = YES;
				GCC_WARN_UNINITIALIZED_AUTOS = YES_AGGRESSIVE;
				GCC_WARN_UNUSED_FUNCTION = YES;
				GCC_WARN_UNUSED_VARIABLE = YES;
				IPHONEOS_DEPLOYMENT_TARGET = 9.0;
				MTL_ENABLE_DEBUG_INFO = YES;
				ONLY_ACTIVE_ARCH = YES;
				SDKROOT = iphoneos;
				SWIFT_ACTIVE_COMPILATION_CONDITIONS = DEBUG;
				SWIFT_OPTIMIZATION_LEVEL = "-Onone";
			};
			name = Debug;
		};
		1310667220FDE3E800B27090 /* Release */ = {
			isa = XCBuildConfiguration;
			buildSettings = {
				ALWAYS_SEARCH_USER_PATHS = NO;
				CLANG_ANALYZER_LOCALIZABILITY_NONLOCALIZED = YES;
				CLANG_ANALYZER_NONNULL = YES;
				CLANG_ANALYZER_NUMBER_OBJECT_CONVERSION = YES_AGGRESSIVE;
				CLANG_CXX_LANGUAGE_STANDARD = "gnu++14";
				CLANG_CXX_LIBRARY = "libc++";
				CLANG_ENABLE_MODULES = YES;
				CLANG_ENABLE_OBJC_ARC = YES;
				CLANG_ENABLE_OBJC_WEAK = YES;
				CLANG_WARN_BLOCK_CAPTURE_AUTORELEASING = YES;
				CLANG_WARN_BOOL_CONVERSION = YES;
				CLANG_WARN_COMMA = YES;
				CLANG_WARN_CONSTANT_CONVERSION = YES;
				CLANG_WARN_DEPRECATED_OBJC_IMPLEMENTATIONS = YES;
				CLANG_WARN_DIRECT_OBJC_ISA_USAGE = YES_ERROR;
				CLANG_WARN_DOCUMENTATION_COMMENTS = YES;
				CLANG_WARN_EMPTY_BODY = YES;
				CLANG_WARN_ENUM_CONVERSION = YES;
				CLANG_WARN_INFINITE_RECURSION = YES;
				CLANG_WARN_INT_CONVERSION = YES;
				CLANG_WARN_NON_LITERAL_NULL_CONVERSION = YES;
				CLANG_WARN_OBJC_IMPLICIT_RETAIN_SELF = YES;
				CLANG_WARN_OBJC_LITERAL_CONVERSION = YES;
				CLANG_WARN_OBJC_ROOT_CLASS = YES_ERROR;
				CLANG_WARN_RANGE_LOOP_ANALYSIS = YES;
				CLANG_WARN_STRICT_PROTOTYPES = YES;
				CLANG_WARN_SUSPICIOUS_MOVE = YES;
				CLANG_WARN_UNGUARDED_AVAILABILITY = YES_AGGRESSIVE;
				CLANG_WARN_UNREACHABLE_CODE = YES;
				CLANG_WARN__DUPLICATE_METHOD_MATCH = YES;
				CODE_SIGN_IDENTITY = "iPhone Developer";
				COPY_PHASE_STRIP = NO;
				DEBUG_INFORMATION_FORMAT = "dwarf-with-dsym";
				ENABLE_NS_ASSERTIONS = NO;
				ENABLE_STRICT_OBJC_MSGSEND = YES;
				GCC_C_LANGUAGE_STANDARD = gnu11;
				GCC_NO_COMMON_BLOCKS = YES;
				GCC_WARN_64_TO_32_BIT_CONVERSION = YES;
				GCC_WARN_ABOUT_RETURN_TYPE = YES_ERROR;
				GCC_WARN_UNDECLARED_SELECTOR = YES;
				GCC_WARN_UNINITIALIZED_AUTOS = YES_AGGRESSIVE;
				GCC_WARN_UNUSED_FUNCTION = YES;
				GCC_WARN_UNUSED_VARIABLE = YES;
				IPHONEOS_DEPLOYMENT_TARGET = 9.0;
				MTL_ENABLE_DEBUG_INFO = NO;
				SDKROOT = iphoneos;
				SWIFT_COMPILATION_MODE = wholemodule;
				SWIFT_OPTIMIZATION_LEVEL = "-O";
				VALIDATE_PRODUCT = YES;
			};
			name = Release;
		};
		1310667420FDE3E800B27090 /* Debug */ = {
			isa = XCBuildConfiguration;
			buildSettings = {
				ASSETCATALOG_COMPILER_APPICON_NAME = AppIcon;
				CODE_SIGN_STYLE = Automatic;
				DEVELOPMENT_TEAM = 35QGMT6VY9;
				INFOPLIST_FILE = huozi/Info.plist;
				IPHONEOS_DEPLOYMENT_TARGET = 9.0;
				LD_RUNPATH_SEARCH_PATHS = (
					"$(inherited)",
					"@executable_path/Frameworks",
				);
				PRODUCT_BUNDLE_IDENTIFIER = io.github.celestialphineas.huozi;
				PRODUCT_NAME = "$(TARGET_NAME)";
				SWIFT_VERSION = 4.0;
				TARGETED_DEVICE_FAMILY = 1;
			};
			name = Debug;
		};
		1310667520FDE3E800B27090 /* Release */ = {
			isa = XCBuildConfiguration;
			buildSettings = {
				ASSETCATALOG_COMPILER_APPICON_NAME = AppIcon;
				CODE_SIGN_STYLE = Automatic;
				DEVELOPMENT_TEAM = 35QGMT6VY9;
				INFOPLIST_FILE = huozi/Info.plist;
				IPHONEOS_DEPLOYMENT_TARGET = 9.0;
				LD_RUNPATH_SEARCH_PATHS = (
					"$(inherited)",
					"@executable_path/Frameworks",
				);
				PRODUCT_BUNDLE_IDENTIFIER = io.github.celestialphineas.huozi;
				PRODUCT_NAME = "$(TARGET_NAME)";
				SWIFT_VERSION = 4.0;
				TARGETED_DEVICE_FAMILY = 1;
			};
			name = Release;
		};
/* End XCBuildConfiguration section */

/* Begin XCConfigurationList section */
		1310665C20FDE3E700B27090 /* Build configuration list for PBXProject "huozi" */ = {
			isa = XCConfigurationList;
			buildConfigurations = (
				1310667120FDE3E800B27090 /* Debug */,
				1310667220FDE3E800B27090 /* Release */,
			);
			defaultConfigurationIsVisible = 0;
			defaultConfigurationName = Release;
		};
		1310667320FDE3E800B27090 /* Build configuration list for PBXNativeTarget "huozi" */ = {
			isa = XCConfigurationList;
			buildConfigurations = (
				1310667420FDE3E800B27090 /* Debug */,
				1310667520FDE3E800B27090 /* Release */,
			);
			defaultConfigurationIsVisible = 0;
			defaultConfigurationName = Release;
		};
/* End XCConfigurationList section */
	};
	rootObject = 1310665920FDE3E700B27090 /* Project object */;
}
